
Microsoft Visual Studio Solution File, Format Version 12.00
# Visual Studio Version 16
VisualStudioVersion = 16.0.30717.126
MinimumVisualStudioVersion = 10.0.40219.1
Project("{9A19103F-16F7-4668-BE54-9A1E7A4F7556}") = "Kafka.Core", "Kafka.Core\Kafka.Core.csproj", "{9F0D12F9-F320-4404-A4AA-654E2F43DB54}"
EndProject
Project("{9A19103F-16F7-4668-BE54-9A1E7A4F7556}") = "Kafka.Producer.Web.API", "Kafka.Producer.Web.API\Kafka.Producer.Web.API.csproj", "{A3F0C132-BF6D-4E64-A181-78DA76D106B3}"
EndProject
Project("{9A19103F-16F7-4668-BE54-9A1E7A4F7556}") = "Kafka.Consumer.Service", "Kafka.Consumer.Service\Kafka.Consumer.Service.csproj", "{B44F8742-943E-4FB6-A82C-08F19621D95B}"
EndProject
Global
	GlobalSection(SolutionConfigurationPlatforms) = preSolution
		Debug|Any CPU = Debug|Any CPU
		Release|Any CPU = Release|Any CPU
	EndGlobalSection
	GlobalSection(ProjectConfigurationPlatforms) = postSolution
		{9F0D12F9-F320-4404-A4AA-654E2F43DB54}.Debug|Any CPU.ActiveCfg = Debug|Any CPU
		{9F0D12F9-F320-4404-A4AA-654E2F43DB54}.Debug|Any CPU.Build.0 = Debug|Any CPU
		{9F0D12F9-F320-4404-A4AA-654E2F43DB54}.Release|Any CPU.ActiveCfg = Release|Any CPU
		{9F0D12F9-F320-4404-A4AA-654E2F43DB54}.Release|Any CPU.Build.0 = Release|Any CPU
		{A3F0C132-BF6D-4E64-A181-78DA76D106B3}.Debug|Any CPU.ActiveCfg = Debug|Any CPU
		{A3F0C132-BF6D-4E64-A181-78DA76D106B3}.Debug|Any CPU.Build.0 = Debug|Any CPU
		{A3F0C132-BF6D-4E64-A181-78DA76D106B3}.Release|Any CPU.ActiveCfg = Release|Any CPU
		{A3F0C132-BF6D-4E64-A181-78DA76D106B3}.Release|Any CPU.Build.0 = Release|Any CPU
		{B44F8742-943E-4FB6-A82C-08F19621D95B}.Debug|Any CPU.ActiveCfg = Debug|Any CPU
		{B44F8742-943E-4FB6-A82C-08F19621D95B}.Debug|Any CPU.Build.0 = Debug|Any CPU
		{B44F8742-943E-4FB6-A82C-08F19621D95B}.Release|Any CPU.ActiveCfg = Release|Any CPU
		{B44F8742-943E-4FB6-A82C-08F19621D95B}.Release|Any CPU.Build.0 = Release|Any CPU
	EndGlobalSection
	GlobalSection(SolutionProperties) = preSolution
		HideSolutionNode = FALSE
	EndGlobalSection
	GlobalSection(ExtensibilityGlobals) = postSolution
		SolutionGuid = {7E11B675-6EB1-4EF6-9E15-B47A5A0EC963}
	EndGlobalSection
EndGlobal
